
Microsoft Visual Studio Solution File, Format Version 12.00
# Visual Studio Version 16
VisualStudioVersion = 16.0.33027.164
MinimumVisualStudioVersion = 10.0.40219.1
Project("{FAE04EC0-301F-11D3-BF4B-00C04F79EFBC}") = "MetodoMontante", "MetodoMontante\MetodoMontante.csproj", "{A5C1D74C-E97B-4930-8F07-2B030BF98509}"
EndProject
Global
	GlobalSection(SolutionConfigurationPlatforms) = preSolution
		Debug|Any CPU = Debug|Any CPU
		Release|Any CPU = Release|Any CPU
	EndGlobalSection
	GlobalSection(ProjectConfigurationPlatforms) = postSolution
		{A5C1D74C-E97B-4930-8F07-2B030BF98509}.Debug|Any CPU.ActiveCfg = Debug|Any CPU
		{A5C1D74C-E97B-4930-8F07-2B030BF98509}.Debug|Any CPU.Build.0 = Debug|Any CPU
		{A5C1D74C-E97B-4930-8F07-2B030BF98509}.Release|Any CPU.ActiveCfg = Release|Any CPU
		{A5C1D74C-E97B-4930-8F07-2B030BF98509}.Release|Any CPU.Build.0 = Release|Any CPU
	EndGlobalSection
	GlobalSection(SolutionProperties) = preSolution
		HideSolutionNode = FALSE
	EndGlobalSection
	GlobalSection(ExtensibilityGlobals) = postSolution
		SolutionGuid = {1D0F1F2C-70A7-4AE0-89F8-49B8FF5582FB}
	EndGlobalSection
EndGlobal
